
Microsoft Visual Studio Solution File, Format Version 12.00
# Visual Studio Version 17
VisualStudioVersion = 17.0.32126.317
MinimumVisualStudioVersion = 10.0.40219.1
Project("{9A19103F-16F7-4668-BE54-9A1E7A4F7556}") = "Lab8Variant7", "Lab8Variant7\Lab8Variant7.csproj", "{0DAC887E-13D3-4063-97B5-614D26201AE2}"
EndProject
Project("{FAE04EC0-301F-11D3-BF4B-00C04F79EFBC}") = "HumanLibrary", "HumanLibrary\HumanLibrary.csproj", "{4FBBB2C1-FA39-465F-B436-26898F9BCBFB}"
EndProject
Global
	GlobalSection(SolutionConfigurationPlatforms) = preSolution
		Debug|Any CPU = Debug|Any CPU
		Release|Any CPU = Release|Any CPU
	EndGlobalSection
	GlobalSection(ProjectConfigurationPlatforms) = postSolution
		{0DAC887E-13D3-4063-97B5-614D26201AE2}.Debug|Any CPU.ActiveCfg = Debug|Any CPU
		{0DAC887E-13D3-4063-97B5-614D26201AE2}.Debug|Any CPU.Build.0 = Debug|Any CPU
		{0DAC887E-13D3-4063-97B5-614D26201AE2}.Release|Any CPU.ActiveCfg = Release|Any CPU
		{0DAC887E-13D3-4063-97B5-614D26201AE2}.Release|Any CPU.Build.0 = Release|Any CPU
		{4FBBB2C1-FA39-465F-B436-26898F9BCBFB}.Debug|Any CPU.ActiveCfg = Debug|Any CPU
		{4FBBB2C1-FA39-465F-B436-26898F9BCBFB}.Debug|Any CPU.Build.0 = Debug|Any CPU
		{4FBBB2C1-FA39-465F-B436-26898F9BCBFB}.Release|Any CPU.ActiveCfg = Release|Any CPU
		{4FBBB2C1-FA39-465F-B436-26898F9BCBFB}.Release|Any CPU.Build.0 = Release|Any CPU
	EndGlobalSection
	GlobalSection(SolutionProperties) = preSolution
		HideSolutionNode = FALSE
	EndGlobalSection
	GlobalSection(ExtensibilityGlobals) = postSolution
		SolutionGuid = {AA8C673C-A14D-473D-9248-4218225DCAD3}
	EndGlobalSection
EndGlobal
