
Microsoft Visual Studio Solution File, Format Version 12.00
# Visual Studio Version 17
VisualStudioVersion = 17.0.32126.317
MinimumVisualStudioVersion = 10.0.40219.1
Project("{FAE04EC0-301F-11D3-BF4B-00C04F79EFBC}") = "TireMount", "TireMount\TireMount.csproj", "{0347B924-E24C-4CC0-8CD2-0DE0F5A0F20C}"
EndProject
Project("{FAE04EC0-301F-11D3-BF4B-00C04F79EFBC}") = "TireMountLibrary", "TireMountLibrary\TireMountLibrary.csproj", "{D54BE604-8413-47FB-A234-BF13512D1713}"
EndProject
Global
	GlobalSection(SolutionConfigurationPlatforms) = preSolution
		Debug|Any CPU = Debug|Any CPU
		Release|Any CPU = Release|Any CPU
	EndGlobalSection
	GlobalSection(ProjectConfigurationPlatforms) = postSolution
		{0347B924-E24C-4CC0-8CD2-0DE0F5A0F20C}.Debug|Any CPU.ActiveCfg = Debug|Any CPU
		{0347B924-E24C-4CC0-8CD2-0DE0F5A0F20C}.Debug|Any CPU.Build.0 = Debug|Any CPU
		{0347B924-E24C-4CC0-8CD2-0DE0F5A0F20C}.Release|Any CPU.ActiveCfg = Release|Any CPU
		{0347B924-E24C-4CC0-8CD2-0DE0F5A0F20C}.Release|Any CPU.Build.0 = Release|Any CPU
		{D54BE604-8413-47FB-A234-BF13512D1713}.Debug|Any CPU.ActiveCfg = Debug|Any CPU
		{D54BE604-8413-47FB-A234-BF13512D1713}.Debug|Any CPU.Build.0 = Debug|Any CPU
		{D54BE604-8413-47FB-A234-BF13512D1713}.Release|Any CPU.ActiveCfg = Release|Any CPU
		{D54BE604-8413-47FB-A234-BF13512D1713}.Release|Any CPU.Build.0 = Release|Any CPU
	EndGlobalSection
	GlobalSection(SolutionProperties) = preSolution
		HideSolutionNode = FALSE
	EndGlobalSection
	GlobalSection(ExtensibilityGlobals) = postSolution
		SolutionGuid = {AA8C673C-A14D-473D-9248-4218225DCAD3}
	EndGlobalSection
EndGlobal
